<Solution>
  <Folder Name="/src/">
    <Project Path="src/GarageFlow.Api/GarageFlow.Api.csproj" />
    <Project Path="src/GarageFlow.Application/GarageFlow.Application.csproj" />
    <Project Path="src/GarageFlow.Domain/GarageFlow.Domain.csproj" />
    <Project Path="src/GarageFlow.Infrastructure/GarageFlow.Infrastructure.csproj" />
  </Folder>
  <Folder Name="/tests/">
    <Project Path="tests/GarageFlow.Tests/GarageFlow.Tests.csproj" />
  </Folder>
</Solution>
